
Microsoft Visual Studio Solution File, Format Version 12.00
# Visual Studio Version 17
VisualStudioVersion = 17.7.34031.279
MinimumVisualStudioVersion = 10.0.40219.1
Project("{FAE04EC0-301F-11D3-BF4B-00C04F79EFBC}") = "GestionEquipos", "GestionEquipos\GestionEquipos.csproj", "{F0657052-682E-4114-9151-4F88D8555921}"
EndProject
Global
	GlobalSection(SolutionConfigurationPlatforms) = preSolution
		Debug|Any CPU = Debug|Any CPU
		Release|Any CPU = Release|Any CPU
	EndGlobalSection
	GlobalSection(ProjectConfigurationPlatforms) = postSolution
		{F0657052-682E-4114-9151-4F88D8555921}.Debug|Any CPU.ActiveCfg = Debug|Any CPU
		{F0657052-682E-4114-9151-4F88D8555921}.Debug|Any CPU.Build.0 = Debug|Any CPU
		{F0657052-682E-4114-9151-4F88D8555921}.Release|Any CPU.ActiveCfg = Release|Any CPU
		{F0657052-682E-4114-9151-4F88D8555921}.Release|Any CPU.Build.0 = Release|Any CPU
	EndGlobalSection
	GlobalSection(SolutionProperties) = preSolution
		HideSolutionNode = FALSE
	EndGlobalSection
	GlobalSection(ExtensibilityGlobals) = postSolution
		SolutionGuid = {2C54E487-03C3-47FC-80E6-E52ABD048175}
	EndGlobalSection
EndGlobal
